
Microsoft Visual Studio Solution File, Format Version 12.00
# Visual Studio 15
VisualStudioVersion = 15.0.28307.539
MinimumVisualStudioVersion = 10.0.40219.1
Project("{FAE04EC0-301F-11D3-BF4B-00C04F79EFBC}") = "Cuatrimestral_Soria", "Cuatrimestral_Soria\Cuatrimestral_Soria.csproj", "{2FE45B25-B037-4A01-A5DD-5FA2182FF833}"
EndProject
Project("{FAE04EC0-301F-11D3-BF4B-00C04F79EFBC}") = "Negocio", "Negocio\Negocio.csproj", "{6C8E5651-34B3-4840-8A69-3C3760DC8F37}"
EndProject
Project("{FAE04EC0-301F-11D3-BF4B-00C04F79EFBC}") = "Dominio", "Dominio\Dominio.csproj", "{9049EAB1-18C0-4177-BB7E-CD8782A66F2A}"
EndProject
Project("{FAE04EC0-301F-11D3-BF4B-00C04F79EFBC}") = "AccesoDatos", "AccesoDatos\AccesoDatos.csproj", "{A57739CF-AD31-41D3-9D3F-4CCDA08BA443}"
EndProject
Global
	GlobalSection(SolutionConfigurationPlatforms) = preSolution
		Debug|Any CPU = Debug|Any CPU
		Release|Any CPU = Release|Any CPU
	EndGlobalSection
	GlobalSection(ProjectConfigurationPlatforms) = postSolution
		{2FE45B25-B037-4A01-A5DD-5FA2182FF833}.Debug|Any CPU.ActiveCfg = Debug|Any CPU
		{2FE45B25-B037-4A01-A5DD-5FA2182FF833}.Debug|Any CPU.Build.0 = Debug|Any CPU
		{2FE45B25-B037-4A01-A5DD-5FA2182FF833}.Release|Any CPU.ActiveCfg = Release|Any CPU
		{2FE45B25-B037-4A01-A5DD-5FA2182FF833}.Release|Any CPU.Build.0 = Release|Any CPU
		{6C8E5651-34B3-4840-8A69-3C3760DC8F37}.Debug|Any CPU.ActiveCfg = Debug|Any CPU
		{6C8E5651-34B3-4840-8A69-3C3760DC8F37}.Debug|Any CPU.Build.0 = Debug|Any CPU
		{6C8E5651-34B3-4840-8A69-3C3760DC8F37}.Release|Any CPU.ActiveCfg = Release|Any CPU
		{6C8E5651-34B3-4840-8A69-3C3760DC8F37}.Release|Any CPU.Build.0 = Release|Any CPU
		{9049EAB1-18C0-4177-BB7E-CD8782A66F2A}.Debug|Any CPU.ActiveCfg = Debug|Any CPU
		{9049EAB1-18C0-4177-BB7E-CD8782A66F2A}.Debug|Any CPU.Build.0 = Debug|Any CPU
		{9049EAB1-18C0-4177-BB7E-CD8782A66F2A}.Release|Any CPU.ActiveCfg = Release|Any CPU
		{9049EAB1-18C0-4177-BB7E-CD8782A66F2A}.Release|Any CPU.Build.0 = Release|Any CPU
		{A57739CF-AD31-41D3-9D3F-4CCDA08BA443}.Debug|Any CPU.ActiveCfg = Debug|Any CPU
		{A57739CF-AD31-41D3-9D3F-4CCDA08BA443}.Debug|Any CPU.Build.0 = Debug|Any CPU
		{A57739CF-AD31-41D3-9D3F-4CCDA08BA443}.Release|Any CPU.ActiveCfg = Release|Any CPU
		{A57739CF-AD31-41D3-9D3F-4CCDA08BA443}.Release|Any CPU.Build.0 = Release|Any CPU
	EndGlobalSection
	GlobalSection(SolutionProperties) = preSolution
		HideSolutionNode = FALSE
	EndGlobalSection
	GlobalSection(ExtensibilityGlobals) = postSolution
		SolutionGuid = {E6371A94-6668-420C-9ECA-A37AC72D6D69}
	EndGlobalSection
EndGlobal
